// !$*UTF8*$!
{
	archiveVersion = 1;
	classes = {
	};
	objectVersion = 55;
	objects = {

/* Begin PBXBuildFile section */
		451FE410283254A200953885 /* AppDelegate.swift in Sources */ = {isa = PBXBuildFile; fileRef = 451FE40F283254A200953885 /* AppDelegate.swift */; };
		451FE412283254A200953885 /* SceneDelegate.swift in Sources */ = {isa = PBXBuildFile; fileRef = 451FE411283254A200953885 /* SceneDelegate.swift */; };
		451FE414283254A200953885 /* ViewController.swift in Sources */ = {isa = PBXBuildFile; fileRef = 451FE413283254A200953885 /* ViewController.swift */; };
		451FE417283254A200953885 /* Main.storyboard in Resources */ = {isa = PBXBuildFile; fileRef = 451FE415283254A200953885 /* Main.storyboard */; };
		451FE419283254A400953885 /* Assets.xcassets in Resources */ = {isa = PBXBuildFile; fileRef = 451FE418283254A400953885 /* Assets.xcassets */; };
		451FE41C283254A400953885 /* LaunchScreen.storyboard in Resources */ = {isa = PBXBuildFile; fileRef = 451FE41A283254A400953885 /* LaunchScreen.storyboard */; };
		451FE427283254A400953885 /* NetworkApiTests.swift in Sources */ = {isa = PBXBuildFile; fileRef = 451FE426283254A400953885 /* NetworkApiTests.swift */; };
		451FE431283254A400953885 /* NetworkApiUITests.swift in Sources */ = {isa = PBXBuildFile; fileRef = 451FE430283254A400953885 /* NetworkApiUITests.swift */; };
		451FE433283254A400953885 /* NetworkApiUITestsLaunchTests.swift in Sources */ = {isa = PBXBuildFile; fileRef = 451FE432283254A400953885 /* NetworkApiUITestsLaunchTests.swift */; };
		F57C5733F30CA39050233B2E /* Pods_NetworkApi.framework in Frameworks */ = {isa = PBXBuildFile; fileRef = 1A3ADB3261836FA0BE9AADEC /* Pods_NetworkApi.framework */; };
/* End PBXBuildFile section */

/* Begin PBXContainerItemProxy section */
		451FE423283254A400953885 /* PBXContainerItemProxy */ = {
			isa = PBXContainerItemProxy;
			containerPortal = 451FE404283254A200953885 /* Project object */;
			proxyType = 1;
			remoteGlobalIDString = 451FE40B283254A200953885;
			remoteInfo = NetworkApi;
		};
		451FE42D283254A400953885 /* PBXContainerItemProxy */ = {
			isa = PBXContainerItemProxy;
			containerPortal = 451FE404283254A200953885 /* Project object */;
			proxyType = 1;
			remoteGlobalIDString = 451FE40B283254A200953885;
			remoteInfo = NetworkApi;
		};
/* End PBXContainerItemProxy section */

/* Begin PBXFileReference section */
		1A3ADB3261836FA0BE9AADEC /* Pods_NetworkApi.framework */ = {isa = PBXFileReference; explicitFileType = wrapper.framework; includeInIndex = 0; path = Pods_NetworkApi.framework; sourceTree = BUILT_PRODUCTS_DIR; };
		451FE40C283254A200953885 /* NetworkApi.app */ = {isa = PBXFileReference; explicitFileType = wrapper.application; includeInIndex = 0; path = NetworkApi.app; sourceTree = BUILT_PRODUCTS_DIR; };
		451FE40F283254A200953885 /* AppDelegate.swift */ = {isa = PBXFileReference; lastKnownFileType = sourcecode.swift; path = AppDelegate.swift; sourceTree = "<group>"; };
		451FE411283254A200953885 /* SceneDelegate.swift */ = {isa = PBXFileReference; lastKnownFileType = sourcecode.swift; path = SceneDelegate.swift; sourceTree = "<group>"; };
		451FE413283254A200953885 /* ViewController.swift */ = {isa = PBXFileReference; lastKnownFileType = sourcecode.swift; path = ViewController.swift; sourceTree = "<group>"; };
		451FE416283254A200953885 /* Base */ = {isa = PBXFileReference; lastKnownFileType = file.storyboard; name = Base; path = Base.lproj/Main.storyboard; sourceTree = "<group>"; };
		451FE418283254A400953885 /* Assets.xcassets */ = {isa = PBXFileReference; lastKnownFileType = folder.assetcatalog; path = Assets.xcassets; sourceTree = "<group>"; };
		451FE41B283254A400953885 /* Base */ = {isa = PBXFileReference; lastKnownFileType = file.storyboard; name = Base; path = Base.lproj/LaunchScreen.storyboard; sourceTree = "<group>"; };
		451FE41D283254A400953885 /* Info.plist */ = {isa = PBXFileReference; lastKnownFileType = text.plist.xml; path = Info.plist; sourceTree = "<group>"; };
		451FE422283254A400953885 /* NetworkApiTests.xctest */ = {isa = PBXFileReference; explicitFileType = wrapper.cfbundle; includeInIndex = 0; path = NetworkApiTests.xctest; sourceTree = BUILT_PRODUCTS_DIR; };
		451FE426283254A400953885 /* NetworkApiTests.swift */ = {isa = PBXFileReference; lastKnownFileType = sourcecode.swift; path = NetworkApiTests.swift; sourceTree = "<group>"; };
		451FE42C283254A400953885 /* NetworkApiUITests.xctest */ = {isa = PBXFileReference; explicitFileType = wrapper.cfbundle; includeInIndex = 0; path = NetworkApiUITests.xctest; sourceTree = BUILT_PRODUCTS_DIR; };
		451FE430283254A400953885 /* NetworkApiUITests.swift */ = {isa = PBXFileReference; lastKnownFileType = sourcecode.swift; path = NetworkApiUITests.swift; sourceTree = "<group>"; };
		451FE432283254A400953885 /* NetworkApiUITestsLaunchTests.swift */ = {isa = PBXFileReference; lastKnownFileType = sourcecode.swift; path = NetworkApiUITestsLaunchTests.swift; sourceTree = "<group>"; };
		AA05F092F44AE69D61F93F81 /* Pods-NetworkApi.release.xcconfig */ = {isa = PBXFileReference; includeInIndex = 1; lastKnownFileType = text.xcconfig; name = "Pods-NetworkApi.release.xcconfig"; path = "Target Support Files/Pods-NetworkApi/Pods-NetworkApi.release.xcconfig"; sourceTree = "<group>"; };
		F5DB960EBAC33A3BFFAEE9D6 /* Pods-NetworkApi.debug.xcconfig */ = {isa = PBXFileReference; includeInIndex = 1; lastKnownFileType = text.xcconfig; name = "Pods-NetworkApi.debug.xcconfig"; path = "Target Support Files/Pods-NetworkApi/Pods-NetworkApi.debug.xcconfig"; sourceTree = "<group>"; };
/* End PBXFileReference section */

/* Begin PBXFrameworksBuildPhase section */
		451FE409283254A200953885 /* Frameworks */ = {
			isa = PBXFrameworksBuildPhase;
			buildActionMask = 2147483647;
			files = (
				F57C5733F30CA39050233B2E /* Pods_NetworkApi.framework in Frameworks */,
			);
			runOnlyForDeploymentPostprocessing = 0;
		};
		451FE41F283254A400953885 /* Frameworks */ = {
			isa = PBXFrameworksBuildPhase;
			buildActionMask = 2147483647;
			files = (
			);
			runOnlyForDeploymentPostprocessing = 0;
		};
		451FE429283254A400953885 /* Frameworks */ = {
			isa = PBXFrameworksBuildPhase;
			buildActionMask = 2147483647;
			files = (
			);
			runOnlyForDeploymentPostprocessing = 0;
		};
/* End PBXFrameworksBuildPhase section */

/* Begin PBXGroup section */
		094B00AF885AC733EA2D58EE /* Pods */ = {
			isa = PBXGroup;
			children = (
				F5DB960EBAC33A3BFFAEE9D6 /* Pods-NetworkApi.debug.xcconfig */,
				AA05F092F44AE69D61F93F81 /* Pods-NetworkApi.release.xcconfig */,
			);
			path = Pods;
			sourceTree = "<group>";
		};
		3803C310ADB5E49D80571BEA /* Frameworks */ = {
			isa = PBXGroup;
			children = (
				1A3ADB3261836FA0BE9AADEC /* Pods_NetworkApi.framework */,
			);
			name = Frameworks;
			sourceTree = "<group>";
		};
		451FE403283254A200953885 = {
			isa = PBXGroup;
			children = (
				451FE40E283254A200953885 /* NetworkApi */,
				451FE425283254A400953885 /* NetworkApiTests */,
				451FE42F283254A400953885 /* NetworkApiUITests */,
				451FE40D283254A200953885 /* Products */,
				094B00AF885AC733EA2D58EE /* Pods */,
				3803C310ADB5E49D80571BEA /* Frameworks */,
			);
			sourceTree = "<group>";
		};
		451FE40D283254A200953885 /* Products */ = {
			isa = PBXGroup;
			children = (
				451FE40C283254A200953885 /* NetworkApi.app */,
				451FE422283254A400953885 /* NetworkApiTests.xctest */,
				451FE42C283254A400953885 /* NetworkApiUITests.xctest */,
			);
			name = Products;
			sourceTree = "<group>";
		};
		451FE40E283254A200953885 /* NetworkApi */ = {
			isa = PBXGroup;
			children = (
				451FE40F283254A200953885 /* AppDelegate.swift */,
				451FE411283254A200953885 /* SceneDelegate.swift */,
				451FE413283254A200953885 /* ViewController.swift */,
				451FE415283254A200953885 /* Main.storyboard */,
				451FE418283254A400953885 /* Assets.xcassets */,
				451FE41A283254A400953885 /* LaunchScreen.storyboard */,
				451FE41D283254A400953885 /* Info.plist */,
			);
			path = NetworkApi;
			sourceTree = "<group>";
		};
		451FE425283254A400953885 /* NetworkApiTests */ = {
			isa = PBXGroup;
			children = (
				451FE426283254A400953885 /* NetworkApiTests.swift */,
			);
			path = NetworkApiTests;
			sourceTree = "<group>";
		};
		451FE42F283254A400953885 /* NetworkApiUITests */ = {
			isa = PBXGroup;
			children = (
				451FE430283254A400953885 /* NetworkApiUITests.swift */,
				451FE432283254A400953885 /* NetworkApiUITestsLaunchTests.swift */,
			);
			path = NetworkApiUITests;
			sourceTree = "<group>";
		};
/* End PBXGroup section */

/* Begin PBXNativeTarget section */
		451FE40B283254A200953885 /* NetworkApi */ = {
			isa = PBXNativeTarget;
			buildConfigurationList = 451FE436283254A400953885 /* Build configuration list for PBXNativeTarget "NetworkApi" */;
			buildPhases = (
				BD13DEC8A38F03960E93139D /* [CP] Check Pods Manifest.lock */,
				451FE408283254A200953885 /* Sources */,
				451FE409283254A200953885 /* Frameworks */,
				451FE40A283254A200953885 /* Resources */,
				0FA0B75734AF42BB21F16706 /* [CP] Embed Pods Frameworks */,
			);
			buildRules = (
			);
			dependencies = (
			);
			name = NetworkApi;
			productName = NetworkApi;
			productReference = 451FE40C283254A200953885 /* NetworkApi.app */;
			productType = "com.apple.product-type.application";
		};
		451FE421283254A400953885 /* NetworkApiTests */ = {
			isa = PBXNativeTarget;
			buildConfigurationList = 451FE439283254A400953885 /* Build configuration list for PBXNativeTarget "NetworkApiTests" */;
			buildPhases = (
				451FE41E283254A400953885 /* Sources */,
				451FE41F283254A400953885 /* Frameworks */,
				451FE420283254A400953885 /* Resources */,
			);
			buildRules = (
			);
			dependencies = (
				451FE424283254A400953885 /* PBXTargetDependency */,
			);
			name = NetworkApiTests;
			productName = NetworkApiTests;
			productReference = 451FE422283254A400953885 /* NetworkApiTests.xctest */;
			productType = "com.apple.product-type.bundle.unit-test";
		};
		451FE42B283254A400953885 /* NetworkApiUITests */ = {
			isa = PBXNativeTarget;
			buildConfigurationList = 451FE43C283254A400953885 /* Build configuration list for PBXNativeTarget "NetworkApiUITests" */;
			buildPhases = (
				451FE428283254A400953885 /* Sources */,
				451FE429283254A400953885 /* Frameworks */,
				451FE42A283254A400953885 /* Resources */,
			);
			buildRules = (
			);
			dependencies = (
				451FE42E283254A400953885 /* PBXTargetDependency */,
			);
			name = NetworkApiUITests;
			productName = NetworkApiUITests;
			productReference = 451FE42C283254A400953885 /* NetworkApiUITests.xctest */;
			productType = "com.apple.product-type.bundle.ui-testing";
		};
/* End PBXNativeTarget section */

/* Begin PBXProject section */
		451FE404283254A200953885 /* Project object */ = {
			isa = PBXProject;
			attributes = {
				BuildIndependentTargetsInParallel = 1;
				LastSwiftUpdateCheck = 1310;
				LastUpgradeCheck = 1310;
				TargetAttributes = {
					451FE40B283254A200953885 = {
						CreatedOnToolsVersion = 13.1;
					};
					451FE421283254A400953885 = {
						CreatedOnToolsVersion = 13.1;
						TestTargetID = 451FE40B283254A200953885;
					};
					451FE42B283254A400953885 = {
						CreatedOnToolsVersion = 13.1;
						TestTargetID = 451FE40B283254A200953885;
					};
				};
			};
			buildConfigurationList = 451FE407283254A200953885 /* Build configuration list for PBXProject "NetworkApi" */;
			compatibilityVersion = "Xcode 13.0";
			developmentRegion = en;
			hasScannedForEncodings = 0;
			knownRegions = (
				en,
				Base,
			);
			mainGroup = 451FE403283254A200953885;
			productRefGroup = 451FE40D283254A200953885 /* Products */;
			projectDirPath = "";
			projectRoot = "";
			targets = (
				451FE40B283254A200953885 /* NetworkApi */,
				451FE421283254A400953885 /* NetworkApiTests */,
				451FE42B283254A400953885 /* NetworkApiUITests */,
			);
		};
/* End PBXProject section */

/* Begin PBXResourcesBuildPhase section */
		451FE40A283254A200953885 /* Resources */ = {
			isa = PBXResourcesBuildPhase;
			buildActionMask = 2147483647;
			files = (
				451FE41C283254A400953885 /* LaunchScreen.storyboard in Resources */,
				451FE419283254A400953885 /* Assets.xcassets in Resources */,
				451FE417283254A200953885 /* Main.storyboard in Resources */,
			);
			runOnlyForDeploymentPostprocessing = 0;
		};
		451FE420283254A400953885 /* Resources */ = {
			isa = PBXResourcesBuildPhase;
			buildActionMask = 2147483647;
			files = (
			);
			runOnlyForDeploymentPostprocessing = 0;
		};
		451FE42A283254A400953885 /* Resources */ = {
			isa = PBXResourcesBuildPhase;
			buildActionMask = 2147483647;
			files = (
			);
			runOnlyForDeploymentPostprocessing = 0;
		};
/* End PBXResourcesBuildPhase section */

/* Begin PBXShellScriptBuildPhase section */
		0FA0B75734AF42BB21F16706 /* [CP] Embed Pods Frameworks */ = {
			isa = PBXShellScriptBuildPhase;
			buildActionMask = 2147483647;
			files = (
			);
			inputFileListPaths = (
				"${PODS_ROOT}/Target Support Files/Pods-NetworkApi/Pods-NetworkApi-frameworks-${CONFIGURATION}-input-files.xcfilelist",
			);
			name = "[CP] Embed Pods Frameworks";
			outputFileListPaths = (
				"${PODS_ROOT}/Target Support Files/Pods-NetworkApi/Pods-NetworkApi-frameworks-${CONFIGURATION}-output-files.xcfilelist",
			);
			runOnlyForDeploymentPostprocessing = 0;
			shellPath = /bin/sh;
			shellScript = "\"${PODS_ROOT}/Target Support Files/Pods-NetworkApi/Pods-NetworkApi-frameworks.sh\"\n";
			showEnvVarsInLog = 0;
		};
		BD13DEC8A38F03960E93139D /* [CP] Check Pods Manifest.lock */ = {
			isa = PBXShellScriptBuildPhase;
			buildActionMask = 2147483647;
			files = (
			);
			inputFileListPaths = (
			);
			inputPaths = (
				"${PODS_PODFILE_DIR_PATH}/Podfile.lock",
				"${PODS_ROOT}/Manifest.lock",
			);
			name = "[CP] Check Pods Manifest.lock";
			outputFileListPaths = (
			);
			outputPaths = (
				"$(DERIVED_FILE_DIR)/Pods-NetworkApi-checkManifestLockResult.txt",
			);
			runOnlyForDeploymentPostprocessing = 0;
			shellPath = /bin/sh;
			shellScript = "diff \"${PODS_PODFILE_DIR_PATH}/Podfile.lock\" \"${PODS_ROOT}/Manifest.lock\" > /dev/null\nif [ $? != 0 ] ; then\n    # print error to STDERR\n    echo \"error: The sandbox is not in sync with the Podfile.lock. Run 'pod install' or update your CocoaPods installation.\" >&2\n    exit 1\nfi\n# This output is used by Xcode 'outputs' to avoid re-running this script phase.\necho \"SUCCESS\" > \"${SCRIPT_OUTPUT_FILE_0}\"\n";
			showEnvVarsInLog = 0;
		};
/* End PBXShellScriptBuildPhase section */

/* Begin PBXSourcesBuildPhase section */
		451FE408283254A200953885 /* Sources */ = {
			isa = PBXSourcesBuildPhase;
			buildActionMask = 2147483647;
			files = (
				451FE414283254A200953885 /* ViewController.swift in Sources */,
				451FE410283254A200953885 /* AppDelegate.swift in Sources */,
				451FE412283254A200953885 /* SceneDelegate.swift in Sources */,
			);
			runOnlyForDeploymentPostprocessing = 0;
		};
		451FE41E283254A400953885 /* Sources */ = {
			isa = PBXSourcesBuildPhase;
			buildActionMask = 2147483647;
			files = (
				451FE427283254A400953885 /* NetworkApiTests.swift in Sources */,
			);
			runOnlyForDeploymentPostprocessing = 0;
		};
		451FE428283254A400953885 /* Sources */ = {
			isa = PBXSourcesBuildPhase;
			buildActionMask = 2147483647;
			files = (
				451FE433283254A400953885 /* NetworkApiUITestsLaunchTests.swift in Sources */,
				451FE431283254A400953885 /* NetworkApiUITests.swift in Sources */,
			);
			runOnlyForDeploymentPostprocessing = 0;
		};
/* End PBXSourcesBuildPhase section */

/* Begin PBXTargetDependency section */
		451FE424283254A400953885 /* PBXTargetDependency */ = {
			isa = PBXTargetDependency;
			target = 451FE40B283254A200953885 /* NetworkApi */;
			targetProxy = 451FE423283254A400953885 /* PBXContainerItemProxy */;
		};
		451FE42E283254A400953885 /* PBXTargetDependency */ = {
			isa = PBXTargetDependency;
			target = 451FE40B283254A200953885 /* NetworkApi */;
			targetProxy = 451FE42D283254A400953885 /* PBXContainerItemProxy */;
		};
/* End PBXTargetDependency section */

/* Begin PBXVariantGroup section */
		451FE415283254A200953885 /* Main.storyboard */ = {
			isa = PBXVariantGroup;
			children = (
				451FE416283254A200953885 /* Base */,
			);
			name = Main.storyboard;
			sourceTree = "<group>";
		};
		451FE41A283254A400953885 /* LaunchScreen.storyboard */ = {
			isa = PBXVariantGroup;
			children = (
				451FE41B283254A400953885 /* Base */,
			);
			name = LaunchScreen.storyboard;
			sourceTree = "<group>";
		};
/* End PBXVariantGroup section */

/* Begin XCBuildConfiguration section */
		451FE434283254A400953885 /* Debug */ = {
			isa = XCBuildConfiguration;
			buildSettings = {
				ALWAYS_SEARCH_USER_PATHS = NO;
				CLANG_ANALYZER_NONNULL = YES;
				CLANG_ANALYZER_NUMBER_OBJECT_CONVERSION = YES_AGGRESSIVE;
				CLANG_CXX_LANGUAGE_STANDARD = "gnu++17";
				CLANG_CXX_LIBRARY = "libc++";
				CLANG_ENABLE_MODULES = YES;
				CLANG_ENABLE_OBJC_ARC = YES;
				CLANG_ENABLE_OBJC_WEAK = YES;
				CLANG_WARN_BLOCK_CAPTURE_AUTORELEASING = YES;
				CLANG_WARN_BOOL_CONVERSION = YES;
				CLANG_WARN_COMMA = YES;
				CLANG_WARN_CONSTANT_CONVERSION = YES;
				CLANG_WARN_DEPRECATED_OBJC_IMPLEMENTATIONS = YES;
				CLANG_WARN_DIRECT_OBJC_ISA_USAGE = YES_ERROR;
				CLANG_WARN_DOCUMENTATION_COMMENTS = YES;
				CLANG_WARN_EMPTY_BODY = YES;
				CLANG_WARN_ENUM_CONVERSION = YES;
				CLANG_WARN_INFINITE_RECURSION = YES;
				CLANG_WARN_INT_CONVERSION = YES;
				CLANG_WARN_NON_LITERAL_NULL_CONVERSION = YES;
				CLANG_WARN_OBJC_IMPLICIT_RETAIN_SELF = YES;
				CLANG_WARN_OBJC_LITERAL_CONVERSION = YES;
				CLANG_WARN_OBJC_ROOT_CLASS = YES_ERROR;
				CLANG_WARN_QUOTED_INCLUDE_IN_FRAMEWORK_HEADER = YES;
				CLANG_WARN_RANGE_LOOP_ANALYSIS = YES;
				CLANG_WARN_STRICT_PROTOTYPES = YES;
				CLANG_WARN_SUSPICIOUS_MOVE = YES;
				CLANG_WARN_UNGUARDED_AVAILABILITY = YES_AGGRESSIVE;
				CLANG_WARN_UNREACHABLE_CODE = YES;
				CLANG_WARN__DUPLICATE_METHOD_MATCH = YES;
				COPY_PHASE_STRIP = NO;
				DEBUG_INFORMATION_FORMAT = dwarf;
				ENABLE_STRICT_OBJC_MSGSEND = YES;
				ENABLE_TESTABILITY = YES;
				GCC_C_LANGUAGE_STANDARD = gnu11;
				GCC_DYNAMIC_NO_PIC = NO;
				GCC_NO_COMMON_BLOCKS = YES;
				GCC_OPTIMIZATION_LEVEL = 0;
				GCC_PREPROCESSOR_DEFINITIONS = (
					"DEBUG=1",
					"$(inherited)",
				);
				GCC_WARN_64_TO_32_BIT_CONVERSION = YES;
				GCC_WARN_ABOUT_RETURN_TYPE = YES_ERROR;
				GCC_WARN_UNDECLARED_SELECTOR = YES;
				GCC_WARN_UNINITIALIZED_AUTOS = YES_AGGRESSIVE;
				GCC_WARN_UNUSED_FUNCTION = YES;
				GCC_WARN_UNUSED_VARIABLE = YES;
				IPHONEOS_DEPLOYMENT_TARGET = 15.0;
				MTL_ENABLE_DEBUG_INFO = INCLUDE_SOURCE;
				MTL_FAST_MATH = YES;
				ONLY_ACTIVE_ARCH = YES;
				SDKROOT = iphoneos;
				SWIFT_ACTIVE_COMPILATION_CONDITIONS = DEBUG;
				SWIFT_OPTIMIZATION_LEVEL = "-Onone";
			};
			name = Debug;
		};
		451FE435283254A400953885 /* Release */ = {
			isa = XCBuildConfiguration;
			buildSettings = {
				ALWAYS_SEARCH_USER_PATHS = NO;
				CLANG_ANALYZER_NONNULL = YES;
				CLANG_ANALYZER_NUMBER_OBJECT_CONVERSION = YES_AGGRESSIVE;
				CLANG_CXX_LANGUAGE_STANDARD = "gnu++17";
				CLANG_CXX_LIBRARY = "libc++";
				CLANG_ENABLE_MODULES = YES;
				CLANG_ENABLE_OBJC_ARC = YES;
				CLANG_ENABLE_OBJC_WEAK = YES;
				CLANG_WARN_BLOCK_CAPTURE_AUTORELEASING = YES;
				CLANG_WARN_BOOL_CONVERSION = YES;
				CLANG_WARN_COMMA = YES;
				CLANG_WARN_CONSTANT_CONVERSION = YES;
				CLANG_WARN_DEPRECATED_OBJC_IMPLEMENTATIONS = YES;
				CLANG_WARN_DIRECT_OBJC_ISA_USAGE = YES_ERROR;
				CLANG_WARN_DOCUMENTATION_COMMENTS = YES;
				CLANG_WARN_EMPTY_BODY = YES;
				CLANG_WARN_ENUM_CONVERSION = YES;
				CLANG_WARN_INFINITE_RECURSION = YES;
				CLANG_WARN_INT_CONVERSION = YES;
				CLANG_WARN_NON_LITERAL_NULL_CONVERSION = YES;
				CLANG_WARN_OBJC_IMPLICIT_RETAIN_SELF = YES;
				CLANG_WARN_OBJC_LITERAL_CONVERSION = YES;
				CLANG_WARN_OBJC_ROOT_CLASS = YES_ERROR;
				CLANG_WARN_QUOTED_INCLUDE_IN_FRAMEWORK_HEADER = YES;
				CLANG_WARN_RANGE_LOOP_ANALYSIS = YES;
				CLANG_WARN_STRICT_PROTOTYPES = YES;
				CLANG_WARN_SUSPICIOUS_MOVE = YES;
				CLANG_WARN_UNGUARDED_AVAILABILITY = YES_AGGRESSIVE;
				CLANG_WARN_UNREACHABLE_CODE = YES;
				CLANG_WARN__DUPLICATE_METHOD_MATCH = YES;
				COPY_PHASE_STRIP = NO;
				DEBUG_INFORMATION_FORMAT = "dwarf-with-dsym";
				ENABLE_NS_ASSERTIONS = NO;
				ENABLE_STRICT_OBJC_MSGSEND = YES;
				GCC_C_LANGUAGE_STANDARD = gnu11;
				GCC_NO_COMMON_BLOCKS = YES;
				GCC_WARN_64_TO_32_BIT_CONVERSION = YES;
				GCC_WARN_ABOUT_RETURN_TYPE = YES_ERROR;
				GCC_WARN_UNDECLARED_SELECTOR = YES;
				GCC_WARN_UNINITIALIZED_AUTOS = YES_AGGRESSIVE;
				GCC_WARN_UNUSED_FUNCTION = YES;
				GCC_WARN_UNUSED_VARIABLE = YES;
				IPHONEOS_DEPLOYMENT_TARGET = 15.0;
				MTL_ENABLE_DEBUG_INFO = NO;
				MTL_FAST_MATH = YES;
				SDKROOT = iphoneos;
				SWIFT_COMPILATION_MODE = wholemodule;
				SWIFT_OPTIMIZATION_LEVEL = "-O";
				VALIDATE_PRODUCT = YES;
			};
			name = Release;
		};
		451FE437283254A400953885 /* Debug */ = {
			isa = XCBuildConfiguration;
			baseConfigurationReference = F5DB960EBAC33A3BFFAEE9D6 /* Pods-NetworkApi.debug.xcconfig */;
			buildSettings = {
				ASSETCATALOG_COMPILER_APPICON_NAME = AppIcon;
				ASSETCATALOG_COMPILER_GLOBAL_ACCENT_COLOR_NAME = AccentColor;
				CODE_SIGN_STYLE = Automatic;
				CURRENT_PROJECT_VERSION = 1;
				DEVELOPMENT_TEAM = PQ6ZKB365L;
				GENERATE_INFOPLIST_FILE = YES;
				INFOPLIST_FILE = NetworkApi/Info.plist;
				INFOPLIST_KEY_UIApplicationSupportsIndirectInputEvents = YES;
				INFOPLIST_KEY_UILaunchStoryboardName = LaunchScreen;
				INFOPLIST_KEY_UIMainStoryboardFile = Main;
				INFOPLIST_KEY_UISupportedInterfaceOrientations_iPad = "UIInterfaceOrientationPortrait UIInterfaceOrientationPortraitUpsideDown UIInterfaceOrientationLandscapeLeft UIInterfaceOrientationLandscapeRight";
				INFOPLIST_KEY_UISupportedInterfaceOrientations_iPhone = "UIInterfaceOrientationPortrait UIInterfaceOrientationLandscapeLeft UIInterfaceOrientationLandscapeRight";
				LD_RUNPATH_SEARCH_PATHS = (
					"$(inherited)",
					"@executable_path/Frameworks",
				);
				LIBRARY_SEARCH_PATHS = (
					"$(inherited)",
					"\"${DT_TOOLCHAIN_DIR}/usr/lib/swift/${PLATFORM_NAME}\"",
					/usr/lib/swift,
					"$(PROJECT_DIR)/",
				);
				MARKETING_VERSION = 1.0;
				PRODUCT_BUNDLE_IDENTIFIER = com.dyjw.NetworkApi;
				PRODUCT_NAME = "$(TARGET_NAME)";
				SWIFT_EMIT_LOC_STRINGS = YES;
				SWIFT_VERSION = 5.0;
				TARGETED_DEVICE_FAMILY = "1,2";
				USER_HEADER_SEARCH_PATHS = "$(inherited)";
			};
			name = Debug;
		};
		451FE438283254A400953885 /* Release */ = {
			isa = XCBuildConfiguration;
			baseConfigurationReference = AA05F092F44AE69D61F93F81 /* Pods-NetworkApi.release.xcconfig */;
			buildSettings = {
				ASSETCATALOG_COMPILER_APPICON_NAME = AppIcon;
				ASSETCATALOG_COMPILER_GLOBAL_ACCENT_COLOR_NAME = AccentColor;
				CODE_SIGN_STYLE = Automatic;
				CURRENT_PROJECT_VERSION = 1;
				DEVELOPMENT_TEAM = PQ6ZKB365L;
				GENERATE_INFOPLIST_FILE = YES;
				INFOPLIST_FILE = NetworkApi/Info.plist;
				INFOPLIST_KEY_UIApplicationSupportsIndirectInputEvents = YES;
				INFOPLIST_KEY_UILaunchStoryboardName = LaunchScreen;
				INFOPLIST_KEY_UIMainStoryboardFile = Main;
				INFOPLIST_KEY_UISupportedInterfaceOrientations_iPad = "UIInterfaceOrientationPortrait UIInterfaceOrientationPortraitUpsideDown UIInterfaceOrientationLandscapeLeft UIInterfaceOrientationLandscapeRight";
				INFOPLIST_KEY_UISupportedInterfaceOrientations_iPhone = "UIInterfaceOrientationPortrait UIInterfaceOrientationLandscapeLeft UIInterfaceOrientationLandscapeRight";
				LD_RUNPATH_SEARCH_PATHS = (
					"$(inherited)",
					"@executable_path/Frameworks",
				);
				LIBRARY_SEARCH_PATHS = (
					"$(inherited)",
					"\"${DT_TOOLCHAIN_DIR}/usr/lib/swift/${PLATFORM_NAME}\"",
					/usr/lib/swift,
					"$(PROJECT_DIR)/",
				);
				MARKETING_VERSION = 1.0;
				PRODUCT_BUNDLE_IDENTIFIER = com.dyjw.NetworkApi;
				PRODUCT_NAME = "$(TARGET_NAME)";
				SWIFT_EMIT_LOC_STRINGS = YES;
				SWIFT_VERSION = 5.0;
				TARGETED_DEVICE_FAMILY = "1,2";
				USER_HEADER_SEARCH_PATHS = "$(inherited)";
			};
			name = Release;
		};
		451FE43A283254A400953885 /* Debug */ = {
			isa = XCBuildConfiguration;
			buildSettings = {
				ALWAYS_EMBED_SWIFT_STANDARD_LIBRARIES = YES;
				BUNDLE_LOADER = "$(TEST_HOST)";
				CODE_SIGN_STYLE = Automatic;
				CURRENT_PROJECT_VERSION = 1;
				DEVELOPMENT_TEAM = PQ6ZKB365L;
				GENERATE_INFOPLIST_FILE = YES;
				IPHONEOS_DEPLOYMENT_TARGET = 15.0;
				LD_RUNPATH_SEARCH_PATHS = (
					"$(inherited)",
					"@executable_path/Frameworks",
					"@loader_path/Frameworks",
				);
				MARKETING_VERSION = 1.0;
				PRODUCT_BUNDLE_IDENTIFIER = com.dyjw.NetworkApiTests;
				PRODUCT_NAME = "$(TARGET_NAME)";
				SWIFT_EMIT_LOC_STRINGS = NO;
				SWIFT_VERSION = 5.0;
				TARGETED_DEVICE_FAMILY = "1,2";
				TEST_HOST = "$(BUILT_PRODUCTS_DIR)/NetworkApi.app/NetworkApi";
			};
			name = Debug;
		};
		451FE43B283254A400953885 /* Release */ = {
			isa = XCBuildConfiguration;
			buildSettings = {
				ALWAYS_EMBED_SWIFT_STANDARD_LIBRARIES = YES;
				BUNDLE_LOADER = "$(TEST_HOST)";
				CODE_SIGN_STYLE = Automatic;
				CURRENT_PROJECT_VERSION = 1;
				DEVELOPMENT_TEAM = PQ6ZKB365L;
				GENERATE_INFOPLIST_FILE = YES;
				IPHONEOS_DEPLOYMENT_TARGET = 15.0;
				LD_RUNPATH_SEARCH_PATHS = (
					"$(inherited)",
					"@executable_path/Frameworks",
					"@loader_path/Frameworks",
				);
				MARKETING_VERSION = 1.0;
				PRODUCT_BUNDLE_IDENTIFIER = com.dyjw.NetworkApiTests;
				PRODUCT_NAME = "$(TARGET_NAME)";
				SWIFT_EMIT_LOC_STRINGS = NO;
				SWIFT_VERSION = 5.0;
				TARGETED_DEVICE_FAMILY = "1,2";
				TEST_HOST = "$(BUILT_PRODUCTS_DIR)/NetworkApi.app/NetworkApi";
			};
			name = Release;
		};
		451FE43D283254A400953885 /* Debug */ = {
			isa = XCBuildConfiguration;
			buildSettings = {
				ALWAYS_EMBED_SWIFT_STANDARD_LIBRARIES = YES;
				CODE_SIGN_STYLE = Automatic;
				CURRENT_PROJECT_VERSION = 1;
				DEVELOPMENT_TEAM = PQ6ZKB365L;
				GENERATE_INFOPLIST_FILE = YES;
				LD_RUNPATH_SEARCH_PATHS = (
					"$(inherited)",
					"@executable_path/Frameworks",
					"@loader_path/Frameworks",
				);
				MARKETING_VERSION = 1.0;
				PRODUCT_BUNDLE_IDENTIFIER = com.dyjw.NetworkApiUITests;
				PRODUCT_NAME = "$(TARGET_NAME)";
				SWIFT_EMIT_LOC_STRINGS = NO;
				SWIFT_VERSION = 5.0;
				TARGETED_DEVICE_FAMILY = "1,2";
				TEST_TARGET_NAME = NetworkApi;
			};
			name = Debug;
		};
		451FE43E283254A400953885 /* Release */ = {
			isa = XCBuildConfiguration;
			buildSettings = {
				ALWAYS_EMBED_SWIFT_STANDARD_LIBRARIES = YES;
				CODE_SIGN_STYLE = Automatic;
				CURRENT_PROJECT_VERSION = 1;
				DEVELOPMENT_TEAM = PQ6ZKB365L;
				GENERATE_INFOPLIST_FILE = YES;
				LD_RUNPATH_SEARCH_PATHS = (
					"$(inherited)",
					"@executable_path/Frameworks",
					"@loader_path/Frameworks",
				);
				MARKETING_VERSION = 1.0;
				PRODUCT_BUNDLE_IDENTIFIER = com.dyjw.NetworkApiUITests;
				PRODUCT_NAME = "$(TARGET_NAME)";
				SWIFT_EMIT_LOC_STRINGS = NO;
				SWIFT_VERSION = 5.0;
				TARGETED_DEVICE_FAMILY = "1,2";
				TEST_TARGET_NAME = NetworkApi;
			};
			name = Release;
		};
/* End XCBuildConfiguration section */

/* Begin XCConfigurationList section */
		451FE407283254A200953885 /* Build configuration list for PBXProject "NetworkApi" */ = {
			isa = XCConfigurationList;
			buildConfigurations = (
				451FE434283254A400953885 /* Debug */,
				451FE435283254A400953885 /* Release */,
			);
			defaultConfigurationIsVisible = 0;
			defaultConfigurationName = Release;
		};
		451FE436283254A400953885 /* Build configuration list for PBXNativeTarget "NetworkApi" */ = {
			isa = XCConfigurationList;
			buildConfigurations = (
				451FE437283254A400953885 /* Debug */,
				451FE438283254A400953885 /* Release */,
			);
			defaultConfigurationIsVisible = 0;
			defaultConfigurationName = Release;
		};
		451FE439283254A400953885 /* Build configuration list for PBXNativeTarget "NetworkApiTests" */ = {
			isa = XCConfigurationList;
			buildConfigurations = (
				451FE43A283254A400953885 /* Debug */,
				451FE43B283254A400953885 /* Release */,
			);
			defaultConfigurationIsVisible = 0;
			defaultConfigurationName = Release;
		};
		451FE43C283254A400953885 /* Build configuration list for PBXNativeTarget "NetworkApiUITests" */ = {
			isa = XCConfigurationList;
			buildConfigurations = (
				451FE43D283254A400953885 /* Debug */,
				451FE43E283254A400953885 /* Release */,
			);
			defaultConfigurationIsVisible = 0;
			defaultConfigurationName = Release;
		};
/* End XCConfigurationList section */
	};
	rootObject = 451FE404283254A200953885 /* Project object */;
}
